
Microsoft Visual Studio Solution File, Format Version 12.00
# Visual Studio Version 16
VisualStudioVersion = 16.0.29920.165
MinimumVisualStudioVersion = 10.0.40219.1
Project("{FAE04EC0-301F-11D3-BF4B-00C04F79EFBC}") = "QUANLYBANHANG", "QUANLYBANHANG\QUANLYBANHANG.csproj", "{BB8A2883-7A17-456D-A1B6-A4C83E0A28B1}"
EndProject
Global
	GlobalSection(SolutionConfigurationPlatforms) = preSolution
		Debug|Any CPU = Debug|Any CPU
		Release|Any CPU = Release|Any CPU
	EndGlobalSection
	GlobalSection(ProjectConfigurationPlatforms) = postSolution
		{BB8A2883-7A17-456D-A1B6-A4C83E0A28B1}.Debug|Any CPU.ActiveCfg = Debug|Any CPU
		{BB8A2883-7A17-456D-A1B6-A4C83E0A28B1}.Debug|Any CPU.Build.0 = Debug|Any CPU
		{BB8A2883-7A17-456D-A1B6-A4C83E0A28B1}.Release|Any CPU.ActiveCfg = Release|Any CPU
		{BB8A2883-7A17-456D-A1B6-A4C83E0A28B1}.Release|Any CPU.Build.0 = Release|Any CPU
	EndGlobalSection
	GlobalSection(SolutionProperties) = preSolution
		HideSolutionNode = FALSE
	EndGlobalSection
	GlobalSection(ExtensibilityGlobals) = postSolution
		SolutionGuid = {D9598D78-72E8-4D8A-8B81-7B1CB71AFAE9}
	EndGlobalSection
EndGlobal
